
Microsoft Visual Studio Solution File, Format Version 12.00
# Visual Studio Version 17
VisualStudioVersion = 17.7.34221.43
MinimumVisualStudioVersion = 10.0.40219.1
Project("{FAE04EC0-301F-11D3-BF4B-00C04F79EFBC}") = "tas_kagit_makas", "tas_kagit_makas.csproj", "{60895EF7-E317-4326-87A6-B9839AC829BC}"
EndProject
Global
	GlobalSection(SolutionConfigurationPlatforms) = preSolution
		Debug|Any CPU = Debug|Any CPU
		Release|Any CPU = Release|Any CPU
	EndGlobalSection
	GlobalSection(ProjectConfigurationPlatforms) = postSolution
		{60895EF7-E317-4326-87A6-B9839AC829BC}.Debug|Any CPU.ActiveCfg = Debug|Any CPU
		{60895EF7-E317-4326-87A6-B9839AC829BC}.Debug|Any CPU.Build.0 = Debug|Any CPU
		{60895EF7-E317-4326-87A6-B9839AC829BC}.Release|Any CPU.ActiveCfg = Release|Any CPU
		{60895EF7-E317-4326-87A6-B9839AC829BC}.Release|Any CPU.Build.0 = Release|Any CPU
	EndGlobalSection
	GlobalSection(SolutionProperties) = preSolution
		HideSolutionNode = FALSE
	EndGlobalSection
	GlobalSection(ExtensibilityGlobals) = postSolution
		SolutionGuid = {86F995BE-9414-43DB-BAC3-C0379D338247}
	EndGlobalSection
EndGlobal
